# THIS IS AN AUTOGENERATED FILE. DO NOT EDIT THIS FILE DIRECTLY.
# yarn lockfile v1


"@babel/runtime@^7.21.0", "@babel/runtime@^7.5.5", "@babel/runtime@^7.6.3", "@babel/runtime@^7.8.7":
  version "7.22.3"
  dependencies:
    regenerator-runtime "^0.13.11"

"@hotwired/stimulus@^3.1.0":
  version "3.1.0"

"@hotwired/turbo-rails@^7.1.3":
  version "7.1.3"
  dependencies:
    "@hotwired/turbo" "^7.1.0"
    "@rails/actioncable" "^7.0"

"@hotwired/turbo@^7.1.0":
  version "7.1.0"

"@popperjs/core@^2.11.6", "@popperjs/core@^2.11.7":
  version "2.11.8"

"@rails/actioncable@^7.0":
  version "7.0.3"

"@react-aria/ssr@^3.5.0":
  version "3.6.0"
  dependencies:
    "@swc/helpers" "^0.4.14"

"@restart/hooks@^0.4.9":
  version "0.4.9"
  dependencies:
    dequal "^2.0.2"

"@restart/ui@^1.6.3":
  version "1.6.5"
  dependencies:
    "@babel/runtime" "^7.21.0"
    "@popperjs/core" "^2.11.6"
    "@react-aria/ssr" "^3.5.0"
    "@restart/hooks" "^0.4.9"
    "@types/warning" "^3.0.0"
    dequal "^2.0.3"
    dom-helpers "^5.2.0"
    uncontrollable "^8.0.1"
    warning "^4.0.3"

"@swc/helpers@^0.4.14":
  version "0.4.14"
  dependencies:
    tslib "^2.4.0"

"@types/prop-types@*":
  version "15.7.5"

"@types/react-transition-group@^4.4.5":
  version "4.4.6"
  dependencies:
    "@types/react" "*"

"@types/react@*", "@types/react@>=16.14.8", "@types/react@>=16.9.11":
  version "18.2.7"
  dependencies:
    "@types/prop-types" "*"
    "@types/scheduler" "*"
    csstype "^3.0.2"

"@types/scheduler@*":
  version "0.16.3"

"@types/warning@^3.0.0":
  version "3.0.0"

asynckit@^0.4.0:
  version "0.4.0"

axios@^1.4.0:
  version "1.4.0"
  dependencies:
    follow-redirects "^1.15.0"
    form-data "^4.0.0"
    proxy-from-env "^1.1.0"

bootstrap@^5.3.0:
  version "5.3.0"

classnames@^2.3.2:
  version "2.3.2"

combined-stream@^1.0.8:
  version "1.0.8"
  dependencies:
    delayed-stream "~1.0.0"

csstype@^3.0.2:
  version "3.1.2"

delayed-stream@~1.0.0:
  version "1.0.0"

dequal@^2.0.2, dequal@^2.0.3:
  version "2.0.3"

dom-helpers@^5.0.1, dom-helpers@^5.2.0, dom-helpers@^5.2.1:
  version "5.2.1"
  dependencies:
    "@babel/runtime" "^7.8.7"
    csstype "^3.0.2"

esbuild-darwin-64@0.15.3:
  version "0.15.3"

esbuild@^0.15.3:
  version "0.15.3"
  optionalDependencies:
    "@esbuild/linux-loong64" "0.15.3"
    esbuild-android-64 "0.15.3"
    esbuild-android-arm64 "0.15.3"
    esbuild-darwin-64 "0.15.3"
    esbuild-darwin-arm64 "0.15.3"
    esbuild-freebsd-64 "0.15.3"
    esbuild-freebsd-arm64 "0.15.3"
    esbuild-linux-32 "0.15.3"
    esbuild-linux-64 "0.15.3"
    esbuild-linux-arm "0.15.3"
    esbuild-linux-arm64 "0.15.3"
    esbuild-linux-mips64le "0.15.3"
    esbuild-linux-ppc64le "0.15.3"
    esbuild-linux-riscv64 "0.15.3"
    esbuild-linux-s390x "0.15.3"
    esbuild-netbsd-64 "0.15.3"
    esbuild-openbsd-64 "0.15.3"
    esbuild-sunos-64 "0.15.3"
    esbuild-windows-32 "0.15.3"
    esbuild-windows-64 "0.15.3"
    esbuild-windows-arm64 "0.15.3"

exenv@^1.2.0:
  version "1.2.2"

follow-redirects@^1.15.0:
  version "1.15.2"

form-data@^4.0.0:
  version "4.0.0"
  dependencies:
    asynckit "^0.4.0"
    combined-stream "^1.0.8"
    mime-types "^2.1.12"

invariant@^2.2.4:
  version "2.2.4"
  dependencies:
    loose-envify "^1.0.0"

"js-tokens@^3.0.0 || ^4.0.0":
  version "4.0.0"

loose-envify@^1.0.0, loose-envify@^1.1.0, loose-envify@^1.4.0:
  version "1.4.0"
  dependencies:
    js-tokens "^3.0.0 || ^4.0.0"

mime-db@1.52.0:
  version "1.52.0"

mime-types@^2.1.12:
  version "2.1.35"
  dependencies:
    mime-db "1.52.0"

object-assign@^4.1.1:
  version "4.1.1"

prettier@2.8.8:
  version "2.8.8"
  resolved "https://registry.npmjs.org/prettier/-/prettier-2.8.8.tgz"
  integrity sha512-tdN8qQGvNjw4CHbY+XXk0JgCXn9QiF21a55rBe5LJAU+kDyC4WQn4+awm2Xfk2lQMk5fKup9XgzTZtGkjBdP9Q==

prop-types-extra@^1.1.0:
  version "1.1.1"
  dependencies:
    react-is "^16.3.2"
    warning "^4.0.0"

prop-types@^15.6.2, prop-types@^15.7.2, prop-types@^15.8.1:
  version "15.8.1"
  dependencies:
    loose-envify "^1.4.0"
    object-assign "^4.1.1"
    react-is "^16.13.1"

proxy-from-env@^1.1.0:
  version "1.1.0"

react-bootstrap@^2.7.4:
  version "2.7.4"
  dependencies:
    "@babel/runtime" "^7.21.0"
    "@restart/hooks" "^0.4.9"
    "@restart/ui" "^1.6.3"
    "@types/react-transition-group" "^4.4.5"
    classnames "^2.3.2"
    dom-helpers "^5.2.1"
    invariant "^2.2.4"
    prop-types "^15.8.1"
    prop-types-extra "^1.1.0"
    react-transition-group "^4.4.5"
    uncontrollable "^7.2.1"
    warning "^4.0.3"

"react-dom@^0.14.0 || ^15.0.0 || ^16 || ^17 || ^18", react-dom@^18.2.0, react-dom@>=16.14.0, react-dom@>=16.6.0:
  version "18.2.0"
  dependencies:
    loose-envify "^1.1.0"
    scheduler "^0.23.0"

react-is@^16.13.1, react-is@^16.3.2:
  version "16.13.1"

react-lifecycles-compat@^3.0.0, react-lifecycles-compat@^3.0.4:
  version "3.0.4"

react-modal@^3.16.1:
  version "3.16.1"
  dependencies:
    exenv "^1.2.0"
    prop-types "^15.7.2"
    react-lifecycles-compat "^3.0.0"
    warning "^4.0.3"

react-transition-group@^4.4.5:
  version "4.4.5"
  dependencies:
    "@babel/runtime" "^7.5.5"
    dom-helpers "^5.0.1"
    loose-envify "^1.4.0"
    prop-types "^15.6.2"

"react@^0.14.0 || ^15.0.0 || ^16 || ^17 || ^18", "react@^16.8.0 || ^17.0.0-rc.1 || ^18.0.0", react@^18.2.0, react@>=0.14.0, react@>=15.0.0, react@>=16.14.0, react@>=16.6.0, react@>=16.8.0:
  version "18.2.0"
  dependencies:
    loose-envify "^1.1.0"

regenerator-runtime@^0.13.11:
  version "0.13.11"

scheduler@^0.23.0:
  version "0.23.0"
  dependencies:
    loose-envify "^1.1.0"

tslib@^2.4.0:
  version "2.5.2"

uncontrollable@^7.2.1:
  version "7.2.1"
  dependencies:
    "@babel/runtime" "^7.6.3"
    "@types/react" ">=16.9.11"
    invariant "^2.2.4"
    react-lifecycles-compat "^3.0.4"

uncontrollable@^8.0.1:
  version "8.0.2"

warning@^4.0.0, warning@^4.0.3:
  version "4.0.3"
  dependencies:
    loose-envify "^1.0.0"
