# This file is generated by running "yarn install" inside your project.
# Manual changes might be lost - proceed with caution!

__metadata:
  version: 6
  cacheKey: 8

"@babel/runtime@npm:^7.21.0, @babel/runtime@npm:^7.5.5, @babel/runtime@npm:^7.6.3, @babel/runtime@npm:^7.8.7":
  version: 7.22.3
  resolution: "@babel/runtime@npm:7.22.3"
  dependencies:
    regenerator-runtime: ^0.13.11
  checksum: 8fc50785ca4cba749fed90bffca7e6fd52d4709755654e95b8d2a945fc034b56fb8c2e8a0183fea7c4abb86bf5fa77678c0ea35163b6920649833d180c34c234
  languageName: node
  linkType: hard

"@esbuild/linux-loong64@npm:0.15.3":
  version: 0.15.3
  resolution: "@esbuild/linux-loong64@npm:0.15.3"
  conditions: os=linux & cpu=loong64
  languageName: node
  linkType: hard

"@hotwired/stimulus@npm:^3.1.0":
  version: 3.1.0
  resolution: "@hotwired/stimulus@npm:3.1.0"
  checksum: 82d80b17aa8cd8b69e20da4cc86b768fd8c52d06b40c1606b92526fd405264a65c617d5c051445a5b91af05620ab4475b3c5adc2011ed8d787b4955f9e924845
  languageName: node
  linkType: hard

"@hotwired/turbo-rails@npm:^7.1.3":
  version: 7.1.3
  resolution: "@hotwired/turbo-rails@npm:7.1.3"
  dependencies:
    "@hotwired/turbo": ^7.1.0
    "@rails/actioncable": ^7.0
  checksum: 7f741b50dbb46bf297c82e48a31b1b485c6f9bcc508616b812ba8ff8cbb69366a81157419990d196b3926d4169c2766650699f61b6da47d02eafc976767f091e
  languageName: node
  linkType: hard

"@hotwired/turbo@npm:^7.1.0":
  version: 7.1.0
  resolution: "@hotwired/turbo@npm:7.1.0"
  checksum: 4f71ebf2ff6a396d4031d048fa4d4dba6039aed9ad68436e6df4527e975acd8427c7d2f9b3e7f61f3e9c1af987193adf4e2b640c4033d4afd3e1f914ed05ba9f
  languageName: node
  linkType: hard

"@popperjs/core@npm:^2.11.6":
  version: 2.11.8
  resolution: "@popperjs/core@npm:2.11.8"
  checksum: e5c69fdebf52a4012f6a1f14817ca8e9599cb1be73dd1387e1785e2ed5e5f0862ff817f420a87c7fc532add1f88a12e25aeb010ffcbdc98eace3d55ce2139cf0
  languageName: node
  linkType: hard

"@rails/actioncable@npm:^7.0":
  version: 7.0.3
  resolution: "@rails/actioncable@npm:7.0.3"
  checksum: 6ae5de0f9aaa8261117c2cc8b82ab41854222687422697158de952b8bf04a3f0c9e98620516129f6541970119ee3e4ae8af4b9cd4621c6617c0dae151eb07d64
  languageName: node
  linkType: hard

"@react-aria/ssr@npm:^3.5.0":
  version: 3.6.0
  resolution: "@react-aria/ssr@npm:3.6.0"
  dependencies:
    "@swc/helpers": ^0.4.14
  peerDependencies:
    react: ^16.8.0 || ^17.0.0-rc.1 || ^18.0.0
  checksum: fab5cf0efb6eea28ae27a74a1ae1724536731f6ea556f7e22f1100e809af5a27c7bfcf6898a0b4d880b374e4b11b782aeadb19b34e26ec10e4e75beb820293e1
  languageName: node
  linkType: hard

"@restart/hooks@npm:^0.4.9":
  version: 0.4.9
  resolution: "@restart/hooks@npm:0.4.9"
  dependencies:
    dequal: ^2.0.2
  peerDependencies:
    react: ">=16.8.0"
  checksum: 2481b21ee984328f41134d94c23b244aff0b82091b9ae6252b9ec9408634bed13473e2e74959c898a198b88602521a021f1c1b9683d52cf0878fea6e0f2b47df
  languageName: node
  linkType: hard

"@restart/ui@npm:^1.6.3":
  version: 1.6.5
  resolution: "@restart/ui@npm:1.6.5"
  dependencies:
    "@babel/runtime": ^7.21.0
    "@popperjs/core": ^2.11.6
    "@react-aria/ssr": ^3.5.0
    "@restart/hooks": ^0.4.9
    "@types/warning": ^3.0.0
    dequal: ^2.0.3
    dom-helpers: ^5.2.0
    uncontrollable: ^8.0.1
    warning: ^4.0.3
  peerDependencies:
    react: ">=16.14.0"
    react-dom: ">=16.14.0"
  checksum: d1113202987ef62260cc1633d1cf0b8e0b8ed533b56126149c1b7427503bfd7770864c5d58a3e98d9b13b346c81739dc35e758a1c3ded9170f5f04fa0fbb07b2
  languageName: node
  linkType: hard

"@swc/helpers@npm:^0.4.14":
  version: 0.4.14
  resolution: "@swc/helpers@npm:0.4.14"
  dependencies:
    tslib: ^2.4.0
  checksum: 273fd3f3fc461a92f3790cc551ea054745c6d6959afbe1232e6d7aa1c722bbc114d308aab96bef5c78fc0303c85c7b472ef00e2253251cc89737f3b1af56e5a5
  languageName: node
  linkType: hard

"@types/prop-types@npm:*":
  version: 15.7.5
  resolution: "@types/prop-types@npm:15.7.5"
  checksum: 5b43b8b15415e1f298243165f1d44390403bb2bd42e662bca3b5b5633fdd39c938e91b7fce3a9483699db0f7a715d08cef220c121f723a634972fdf596aec980
  languageName: node
  linkType: hard

"@types/react-transition-group@npm:^4.4.5":
  version: 4.4.6
  resolution: "@types/react-transition-group@npm:4.4.6"
  dependencies:
    "@types/react": "*"
  checksum: 0872143821d7ee20a1d81e965f8b1e837837f11cd2206973f1f98655751992d9390304d58bac192c9cd923eca95bff107d8c9e3364a180240d5c2a6fd70fd7c3
  languageName: node
  linkType: hard

"@types/react@npm:*, @types/react@npm:>=16.9.11":
  version: 18.2.7
  resolution: "@types/react@npm:18.2.7"
  dependencies:
    "@types/prop-types": "*"
    "@types/scheduler": "*"
    csstype: ^3.0.2
  checksum: caa5da4cf929766738ec789301dc6fb6624bd48dd317d851c4c9b84b1f47cd8ebe17fe01398cadaa0bc938cd4d502d67f4b9de9ff771dc132096bdc86228efba
  languageName: node
  linkType: hard

"@types/scheduler@npm:*":
  version: 0.16.3
  resolution: "@types/scheduler@npm:0.16.3"
  checksum: 2b0aec39c24268e3ce938c5db2f2e77f5c3dd280e05c262d9c2fe7d890929e4632a6b8e94334017b66b45e4f92a5aa42ba3356640c2a1175fa37bef2f5200767
  languageName: node
  linkType: hard

"@types/warning@npm:^3.0.0":
  version: 3.0.0
  resolution: "@types/warning@npm:3.0.0"
  checksum: 120dcf90600d583c68a60872200061eab9318ae15ea898581f8e9a6dc71b7941095dd81d8324e36d2a6006e5e12b6fc1cf8eda00cc514ee12bb39a912cc4e040
  languageName: node
  linkType: hard

"app@workspace:.":
  version: 0.0.0-use.local
  resolution: "app@workspace:."
  dependencies:
    "@hotwired/stimulus": ^3.1.0
    "@hotwired/turbo-rails": ^7.1.3
    axios: ^1.4.0
    bootstrap: ^5.3.0
    esbuild: ^0.15.3
    react: ^18.2.0
    react-bootstrap: ^2.7.4
    react-dom: ^18.2.0
    react-modal: ^3.16.1
  languageName: unknown
  linkType: soft

"asynckit@npm:^0.4.0":
  version: 0.4.0
  resolution: "asynckit@npm:0.4.0"
  checksum: 7b78c451df768adba04e2d02e63e2d0bf3b07adcd6e42b4cf665cb7ce899bedd344c69a1dcbce355b5f972d597b25aaa1c1742b52cffd9caccb22f348114f6be
  languageName: node
  linkType: hard

"axios@npm:^1.4.0":
  version: 1.4.0
  resolution: "axios@npm:1.4.0"
  dependencies:
    follow-redirects: ^1.15.0
    form-data: ^4.0.0
    proxy-from-env: ^1.1.0
  checksum: 7fb6a4313bae7f45e89d62c70a800913c303df653f19eafec88e56cea2e3821066b8409bc68be1930ecca80e861c52aa787659df0ffec6ad4d451c7816b9386b
  languageName: node
  linkType: hard

"bootstrap@npm:^5.3.0":
  version: 5.3.0
  resolution: "bootstrap@npm:5.3.0"
  peerDependencies:
    "@popperjs/core": ^2.11.7
  checksum: 29a83cc8cac96d70051e265a5da342cc488df8fc76dff6746ef7d155698286cd5bdfa3e52c6ebf09f8e5a97f25929ee97aee36237117732e52b0d3276a72c45c
  languageName: node
  linkType: hard

"classnames@npm:^2.3.2":
  version: 2.3.2
  resolution: "classnames@npm:2.3.2"
  checksum: 2c62199789618d95545c872787137262e741f9db13328e216b093eea91c85ef2bfb152c1f9e63027204e2559a006a92eb74147d46c800a9f96297ae1d9f96f4e
  languageName: node
  linkType: hard

"combined-stream@npm:^1.0.8":
  version: 1.0.8
  resolution: "combined-stream@npm:1.0.8"
  dependencies:
    delayed-stream: ~1.0.0
  checksum: 49fa4aeb4916567e33ea81d088f6584749fc90c7abec76fd516bf1c5aa5c79f3584b5ba3de6b86d26ddd64bae5329c4c7479343250cfe71c75bb366eae53bb7c
  languageName: node
  linkType: hard

"csstype@npm:^3.0.2":
  version: 3.1.2
  resolution: "csstype@npm:3.1.2"
  checksum: e1a52e6c25c1314d6beef5168da704ab29c5186b877c07d822bd0806717d9a265e8493a2e35ca7e68d0f5d472d43fac1cdce70fd79fd0853dff81f3028d857b5
  languageName: node
  linkType: hard

"delayed-stream@npm:~1.0.0":
  version: 1.0.0
  resolution: "delayed-stream@npm:1.0.0"
  checksum: 46fe6e83e2cb1d85ba50bd52803c68be9bd953282fa7096f51fc29edd5d67ff84ff753c51966061e5ba7cb5e47ef6d36a91924eddb7f3f3483b1c560f77a0020
  languageName: node
  linkType: hard

"dequal@npm:^2.0.2, dequal@npm:^2.0.3":
  version: 2.0.3
  resolution: "dequal@npm:2.0.3"
  checksum: 8679b850e1a3d0ebbc46ee780d5df7b478c23f335887464023a631d1b9af051ad4a6595a44220f9ff8ff95a8ddccf019b5ad778a976fd7bbf77383d36f412f90
  languageName: node
  linkType: hard

"dom-helpers@npm:^5.0.1, dom-helpers@npm:^5.2.0, dom-helpers@npm:^5.2.1":
  version: 5.2.1
  resolution: "dom-helpers@npm:5.2.1"
  dependencies:
    "@babel/runtime": ^7.8.7
    csstype: ^3.0.2
  checksum: 863ba9e086f7093df3376b43e74ce4422571d404fc9828bf2c56140963d5edf0e56160f9b2f3bb61b282c07f8fc8134f023c98fd684bddcb12daf7b0f14d951c
  languageName: node
  linkType: hard

"esbuild-android-64@npm:0.15.3":
  version: 0.15.3
  resolution: "esbuild-android-64@npm:0.15.3"
  conditions: os=android & cpu=x64
  languageName: node
  linkType: hard

"esbuild-android-arm64@npm:0.15.3":
  version: 0.15.3
  resolution: "esbuild-android-arm64@npm:0.15.3"
  conditions: os=android & cpu=arm64
  languageName: node
  linkType: hard

"esbuild-darwin-64@npm:0.15.3":
  version: 0.15.3
  resolution: "esbuild-darwin-64@npm:0.15.3"
  conditions: os=darwin & cpu=x64
  languageName: node
  linkType: hard

"esbuild-darwin-arm64@npm:0.15.3":
  version: 0.15.3
  resolution: "esbuild-darwin-arm64@npm:0.15.3"
  conditions: os=darwin & cpu=arm64
  languageName: node
  linkType: hard

"esbuild-freebsd-64@npm:0.15.3":
  version: 0.15.3
  resolution: "esbuild-freebsd-64@npm:0.15.3"
  conditions: os=freebsd & cpu=x64
  languageName: node
  linkType: hard

"esbuild-freebsd-arm64@npm:0.15.3":
  version: 0.15.3
  resolution: "esbuild-freebsd-arm64@npm:0.15.3"
  conditions: os=freebsd & cpu=arm64
  languageName: node
  linkType: hard

"esbuild-linux-32@npm:0.15.3":
  version: 0.15.3
  resolution: "esbuild-linux-32@npm:0.15.3"
  conditions: os=linux & cpu=ia32
  languageName: node
  linkType: hard

"esbuild-linux-64@npm:0.15.3":
  version: 0.15.3
  resolution: "esbuild-linux-64@npm:0.15.3"
  conditions: os=linux & cpu=x64
  languageName: node
  linkType: hard

"esbuild-linux-arm64@npm:0.15.3":
  version: 0.15.3
  resolution: "esbuild-linux-arm64@npm:0.15.3"
  conditions: os=linux & cpu=arm64
  languageName: node
  linkType: hard

"esbuild-linux-arm@npm:0.15.3":
  version: 0.15.3
  resolution: "esbuild-linux-arm@npm:0.15.3"
  conditions: os=linux & cpu=arm
  languageName: node
  linkType: hard

"esbuild-linux-mips64le@npm:0.15.3":
  version: 0.15.3
  resolution: "esbuild-linux-mips64le@npm:0.15.3"
  conditions: os=linux & cpu=mips64el
  languageName: node
  linkType: hard

"esbuild-linux-ppc64le@npm:0.15.3":
  version: 0.15.3
  resolution: "esbuild-linux-ppc64le@npm:0.15.3"
  conditions: os=linux & cpu=ppc64
  languageName: node
  linkType: hard

"esbuild-linux-riscv64@npm:0.15.3":
  version: 0.15.3
  resolution: "esbuild-linux-riscv64@npm:0.15.3"
  conditions: os=linux & cpu=riscv64
  languageName: node
  linkType: hard

"esbuild-linux-s390x@npm:0.15.3":
  version: 0.15.3
  resolution: "esbuild-linux-s390x@npm:0.15.3"
  conditions: os=linux & cpu=s390x
  languageName: node
  linkType: hard

"esbuild-netbsd-64@npm:0.15.3":
  version: 0.15.3
  resolution: "esbuild-netbsd-64@npm:0.15.3"
  conditions: os=netbsd & cpu=x64
  languageName: node
  linkType: hard

"esbuild-openbsd-64@npm:0.15.3":
  version: 0.15.3
  resolution: "esbuild-openbsd-64@npm:0.15.3"
  conditions: os=openbsd & cpu=x64
  languageName: node
  linkType: hard

"esbuild-sunos-64@npm:0.15.3":
  version: 0.15.3
  resolution: "esbuild-sunos-64@npm:0.15.3"
  conditions: os=sunos & cpu=x64
  languageName: node
  linkType: hard

"esbuild-windows-32@npm:0.15.3":
  version: 0.15.3
  resolution: "esbuild-windows-32@npm:0.15.3"
  conditions: os=win32 & cpu=ia32
  languageName: node
  linkType: hard

"esbuild-windows-64@npm:0.15.3":
  version: 0.15.3
  resolution: "esbuild-windows-64@npm:0.15.3"
  conditions: os=win32 & cpu=x64
  languageName: node
  linkType: hard

"esbuild-windows-arm64@npm:0.15.3":
  version: 0.15.3
  resolution: "esbuild-windows-arm64@npm:0.15.3"
  conditions: os=win32 & cpu=arm64
  languageName: node
  linkType: hard

"esbuild@npm:^0.15.3":
  version: 0.15.3
  resolution: "esbuild@npm:0.15.3"
  dependencies:
    "@esbuild/linux-loong64": 0.15.3
    esbuild-android-64: 0.15.3
    esbuild-android-arm64: 0.15.3
    esbuild-darwin-64: 0.15.3
    esbuild-darwin-arm64: 0.15.3
    esbuild-freebsd-64: 0.15.3
    esbuild-freebsd-arm64: 0.15.3
    esbuild-linux-32: 0.15.3
    esbuild-linux-64: 0.15.3
    esbuild-linux-arm: 0.15.3
    esbuild-linux-arm64: 0.15.3
    esbuild-linux-mips64le: 0.15.3
    esbuild-linux-ppc64le: 0.15.3
    esbuild-linux-riscv64: 0.15.3
    esbuild-linux-s390x: 0.15.3
    esbuild-netbsd-64: 0.15.3
    esbuild-openbsd-64: 0.15.3
    esbuild-sunos-64: 0.15.3
    esbuild-windows-32: 0.15.3
    esbuild-windows-64: 0.15.3
    esbuild-windows-arm64: 0.15.3
  dependenciesMeta:
    "@esbuild/linux-loong64":
      optional: true
    esbuild-android-64:
      optional: true
    esbuild-android-arm64:
      optional: true
    esbuild-darwin-64:
      optional: true
    esbuild-darwin-arm64:
      optional: true
    esbuild-freebsd-64:
      optional: true
    esbuild-freebsd-arm64:
      optional: true
    esbuild-linux-32:
      optional: true
    esbuild-linux-64:
      optional: true
    esbuild-linux-arm:
      optional: true
    esbuild-linux-arm64:
      optional: true
    esbuild-linux-mips64le:
      optional: true
    esbuild-linux-ppc64le:
      optional: true
    esbuild-linux-riscv64:
      optional: true
    esbuild-linux-s390x:
      optional: true
    esbuild-netbsd-64:
      optional: true
    esbuild-openbsd-64:
      optional: true
    esbuild-sunos-64:
      optional: true
    esbuild-windows-32:
      optional: true
    esbuild-windows-64:
      optional: true
    esbuild-windows-arm64:
      optional: true
  bin:
    esbuild: bin/esbuild
  checksum: d41f9c2d38fd265c3de106b9cf5d720ad20138d57669d74751b5f466c866f2d82cea39c146b100186c82b96725fd09faa88759b706ed6d8cee507d07eda35a66
  languageName: node
  linkType: hard

"exenv@npm:^1.2.0":
  version: 1.2.2
  resolution: "exenv@npm:1.2.2"
  checksum: a894f3b60ab8419e0b6eec99c690a009c8276b4c90655ccaf7d28faba2de3a6b93b3d92210f9dc5efd36058d44f04098f6bbccef99859151104bfd49939904dc
  languageName: node
  linkType: hard

"follow-redirects@npm:^1.15.0":
  version: 1.15.2
  resolution: "follow-redirects@npm:1.15.2"
  peerDependenciesMeta:
    debug:
      optional: true
  checksum: faa66059b66358ba65c234c2f2a37fcec029dc22775f35d9ad6abac56003268baf41e55f9ee645957b32c7d9f62baf1f0b906e68267276f54ec4b4c597c2b190
  languageName: node
  linkType: hard

"form-data@npm:^4.0.0":
  version: 4.0.0
  resolution: "form-data@npm:4.0.0"
  dependencies:
    asynckit: ^0.4.0
    combined-stream: ^1.0.8
    mime-types: ^2.1.12
  checksum: 01135bf8675f9d5c61ff18e2e2932f719ca4de964e3be90ef4c36aacfc7b9cb2fceb5eca0b7e0190e3383fe51c5b37f4cb80b62ca06a99aaabfcfd6ac7c9328c
  languageName: node
  linkType: hard

"invariant@npm:^2.2.4":
  version: 2.2.4
  resolution: "invariant@npm:2.2.4"
  dependencies:
    loose-envify: ^1.0.0
  checksum: cc3182d793aad82a8d1f0af697b462939cb46066ec48bbf1707c150ad5fad6406137e91a262022c269702e01621f35ef60269f6c0d7fd178487959809acdfb14
  languageName: node
  linkType: hard

"js-tokens@npm:^3.0.0 || ^4.0.0":
  version: 4.0.0
  resolution: "js-tokens@npm:4.0.0"
  checksum: 8a95213a5a77deb6cbe94d86340e8d9ace2b93bc367790b260101d2f36a2eaf4e4e22d9fa9cf459b38af3a32fb4190e638024cf82ec95ef708680e405ea7cc78
  languageName: node
  linkType: hard

"loose-envify@npm:^1.0.0, loose-envify@npm:^1.1.0, loose-envify@npm:^1.4.0":
  version: 1.4.0
  resolution: "loose-envify@npm:1.4.0"
  dependencies:
    js-tokens: ^3.0.0 || ^4.0.0
  bin:
    loose-envify: cli.js
  checksum: 6517e24e0cad87ec9888f500c5b5947032cdfe6ef65e1c1936a0c48a524b81e65542c9c3edc91c97d5bddc806ee2a985dbc79be89215d613b1de5db6d1cfe6f4
  languageName: node
  linkType: hard

"mime-db@npm:1.52.0":
  version: 1.52.0
  resolution: "mime-db@npm:1.52.0"
  checksum: 0d99a03585f8b39d68182803b12ac601d9c01abfa28ec56204fa330bc9f3d1c5e14beb049bafadb3dbdf646dfb94b87e24d4ec7b31b7279ef906a8ea9b6a513f
  languageName: node
  linkType: hard

"mime-types@npm:^2.1.12":
  version: 2.1.35
  resolution: "mime-types@npm:2.1.35"
  dependencies:
    mime-db: 1.52.0
  checksum: 89a5b7f1def9f3af5dad6496c5ed50191ae4331cc5389d7c521c8ad28d5fdad2d06fd81baf38fed813dc4e46bb55c8145bb0ff406330818c9cf712fb2e9b3836
  languageName: node
  linkType: hard

"object-assign@npm:^4.1.1":
  version: 4.1.1
  resolution: "object-assign@npm:4.1.1"
  checksum: fcc6e4ea8c7fe48abfbb552578b1c53e0d194086e2e6bbbf59e0a536381a292f39943c6e9628af05b5528aa5e3318bb30d6b2e53cadaf5b8fe9e12c4b69af23f
  languageName: node
  linkType: hard

"prop-types-extra@npm:^1.1.0":
  version: 1.1.1
  resolution: "prop-types-extra@npm:1.1.1"
  dependencies:
    react-is: ^16.3.2
    warning: ^4.0.0
  peerDependencies:
    react: ">=0.14.0"
  checksum: ebf1c048687bb538457f91a3610abb36ca0f50587a6afae80443a9e65b9db96882d18c3511175a8967fad4ca5dcd804913bbc241d7b5160c74cf69aacdd054f0
  languageName: node
  linkType: hard

"prop-types@npm:^15.6.2, prop-types@npm:^15.7.2, prop-types@npm:^15.8.1":
  version: 15.8.1
  resolution: "prop-types@npm:15.8.1"
  dependencies:
    loose-envify: ^1.4.0
    object-assign: ^4.1.1
    react-is: ^16.13.1
  checksum: c056d3f1c057cb7ff8344c645450e14f088a915d078dcda795041765047fa080d38e5d626560ccaac94a4e16e3aa15f3557c1a9a8d1174530955e992c675e459
  languageName: node
  linkType: hard

"proxy-from-env@npm:^1.1.0":
  version: 1.1.0
  resolution: "proxy-from-env@npm:1.1.0"
  checksum: ed7fcc2ba0a33404958e34d95d18638249a68c430e30fcb6c478497d72739ba64ce9810a24f53a7d921d0c065e5b78e3822759800698167256b04659366ca4d4
  languageName: node
  linkType: hard

"react-bootstrap@npm:^2.7.4":
  version: 2.7.4
  resolution: "react-bootstrap@npm:2.7.4"
  dependencies:
    "@babel/runtime": ^7.21.0
    "@restart/hooks": ^0.4.9
    "@restart/ui": ^1.6.3
    "@types/react-transition-group": ^4.4.5
    classnames: ^2.3.2
    dom-helpers: ^5.2.1
    invariant: ^2.2.4
    prop-types: ^15.8.1
    prop-types-extra: ^1.1.0
    react-transition-group: ^4.4.5
    uncontrollable: ^7.2.1
    warning: ^4.0.3
  peerDependencies:
    "@types/react": ">=16.14.8"
    react: ">=16.14.0"
    react-dom: ">=16.14.0"
  peerDependenciesMeta:
    "@types/react":
      optional: true
  checksum: 37e51f60ed5b9390e2335b148e1f8ef2fae926c5bbf17e40d9e93b44b7913686fcb0b07d8292596c437d1c046f16d695badad14baca939c725f5ea7677c2fa9c
  languageName: node
  linkType: hard

"react-dom@npm:^18.2.0":
  version: 18.2.0
  resolution: "react-dom@npm:18.2.0"
  dependencies:
    loose-envify: ^1.1.0
    scheduler: ^0.23.0
  peerDependencies:
    react: ^18.2.0
  checksum: 7d323310bea3a91be2965f9468d552f201b1c27891e45ddc2d6b8f717680c95a75ae0bc1e3f5cf41472446a2589a75aed4483aee8169287909fcd59ad149e8cc
  languageName: node
  linkType: hard

"react-is@npm:^16.13.1, react-is@npm:^16.3.2":
  version: 16.13.1
  resolution: "react-is@npm:16.13.1"
  checksum: f7a19ac3496de32ca9ae12aa030f00f14a3d45374f1ceca0af707c831b2a6098ef0d6bdae51bd437b0a306d7f01d4677fcc8de7c0d331eb47ad0f46130e53c5f
  languageName: node
  linkType: hard

"react-lifecycles-compat@npm:^3.0.0, react-lifecycles-compat@npm:^3.0.4":
  version: 3.0.4
  resolution: "react-lifecycles-compat@npm:3.0.4"
  checksum: a904b0fc0a8eeb15a148c9feb7bc17cec7ef96e71188280061fc340043fd6d8ee3ff233381f0e8f95c1cf926210b2c4a31f38182c8f35ac55057e453d6df204f
  languageName: node
  linkType: hard

"react-modal@npm:^3.16.1":
  version: 3.16.1
  resolution: "react-modal@npm:3.16.1"
  dependencies:
    exenv: ^1.2.0
    prop-types: ^15.7.2
    react-lifecycles-compat: ^3.0.0
    warning: ^4.0.3
  peerDependencies:
    react: ^0.14.0 || ^15.0.0 || ^16 || ^17 || ^18
    react-dom: ^0.14.0 || ^15.0.0 || ^16 || ^17 || ^18
  checksum: 978936e9320fad839c039b9ee4de55d40888156cb40e093615d6fbc2ff07139d5db06f14782cb7767f780bd5fb57956778669426c535ebc0068a7a03882c7e75
  languageName: node
  linkType: hard

"react-transition-group@npm:^4.4.5":
  version: 4.4.5
  resolution: "react-transition-group@npm:4.4.5"
  dependencies:
    "@babel/runtime": ^7.5.5
    dom-helpers: ^5.0.1
    loose-envify: ^1.4.0
    prop-types: ^15.6.2
  peerDependencies:
    react: ">=16.6.0"
    react-dom: ">=16.6.0"
  checksum: 75602840106aa9c6545149d6d7ae1502fb7b7abadcce70a6954c4b64a438ff1cd16fc77a0a1e5197cdd72da398f39eb929ea06f9005c45b132ed34e056ebdeb1
  languageName: node
  linkType: hard

"react@npm:^18.2.0":
  version: 18.2.0
  resolution: "react@npm:18.2.0"
  dependencies:
    loose-envify: ^1.1.0
  checksum: 88e38092da8839b830cda6feef2e8505dec8ace60579e46aa5490fc3dc9bba0bd50336507dc166f43e3afc1c42939c09fe33b25fae889d6f402721dcd78fca1b
  languageName: node
  linkType: hard

"regenerator-runtime@npm:^0.13.11":
  version: 0.13.11
  resolution: "regenerator-runtime@npm:0.13.11"
  checksum: 27481628d22a1c4e3ff551096a683b424242a216fee44685467307f14d58020af1e19660bf2e26064de946bad7eff28950eae9f8209d55723e2d9351e632bbb4
  languageName: node
  linkType: hard

"scheduler@npm:^0.23.0":
  version: 0.23.0
  resolution: "scheduler@npm:0.23.0"
  dependencies:
    loose-envify: ^1.1.0
  checksum: d79192eeaa12abef860c195ea45d37cbf2bbf5f66e3c4dcd16f54a7da53b17788a70d109ee3d3dde1a0fd50e6a8fc171f4300356c5aee4fc0171de526bf35f8a
  languageName: node
  linkType: hard

"tslib@npm:^2.4.0":
  version: 2.5.2
  resolution: "tslib@npm:2.5.2"
  checksum: 4d3c1e238b94127ed0e88aa0380db3c2ddae581dc0f4bae5a982345e9f50ee5eda90835b8bfba99b02df10a5734470be197158c36f9129ac49fdc14a6a9da222
  languageName: node
  linkType: hard

"uncontrollable@npm:^7.2.1":
  version: 7.2.1
  resolution: "uncontrollable@npm:7.2.1"
  dependencies:
    "@babel/runtime": ^7.6.3
    "@types/react": ">=16.9.11"
    invariant: ^2.2.4
    react-lifecycles-compat: ^3.0.4
  peerDependencies:
    react: ">=15.0.0"
  checksum: 3345c0c1916193ddb9cc6f2b78711dc9f22b919d780485e15b95690722e9d1797fc702c4ebb30c0acaae6a772b865d0a9ddc83fa1da44958f089aee78f2f5eab
  languageName: node
  linkType: hard

"uncontrollable@npm:^8.0.1":
  version: 8.0.2
  resolution: "uncontrollable@npm:8.0.2"
  peerDependencies:
    react: ">=16.14.0"
  checksum: d6097c78467234a2e7f69e7845d0439cfba365cd0d8c401517eb066807401f7355d5812ebf146bb5f364fa7d3404efc01fc4bd7cc0b9aae02ab194e311da1c5b
  languageName: node
  linkType: hard

"warning@npm:^4.0.0, warning@npm:^4.0.3":
  version: 4.0.3
  resolution: "warning@npm:4.0.3"
  dependencies:
    loose-envify: ^1.0.0
  checksum: 4f2cb6a9575e4faf71ddad9ad1ae7a00d0a75d24521c193fa464f30e6b04027bd97aa5d9546b0e13d3a150ab402eda216d59c1d0f2d6ca60124d96cd40dfa35c
  languageName: node
  linkType: hard
